// !$*UTF8*$!
{
	archiveVersion = 1;
	classes = {
	};
	objectVersion = 56;
	objects = {

/* Begin PBXBuildFile section */
		B50702C0292B0DCF003A5057 /* SettingView.swift in Sources */ = {isa = PBXBuildFile; fileRef = B50702BF292B0DCF003A5057 /* SettingView.swift */; };
		B5339871292E0E3E00144FA9 /* ActivityViewController.swift in Sources */ = {isa = PBXBuildFile; fileRef = B5339870292E0E3E00144FA9 /* ActivityViewController.swift */; };
		B548E97C2924D94F00A6D22A /* DocumentPickerView.swift in Sources */ = {isa = PBXBuildFile; fileRef = B548E97B2924D94F00A6D22A /* DocumentPickerView.swift */; };
		B56BCA73294DDCA400B06B7E /* Settings.swift in Sources */ = {isa = PBXBuildFile; fileRef = B56BCA72294DDCA400B06B7E /* Settings.swift */; };
		B570984B291B8353003540AC /* MediaCompressionApp.swift in Sources */ = {isa = PBXBuildFile; fileRef = B570984A291B8353003540AC /* MediaCompressionApp.swift */; };
		B570984D291B8353003540AC /* ContentView.swift in Sources */ = {isa = PBXBuildFile; fileRef = B570984C291B8353003540AC /* ContentView.swift */; };
		B570984F291B8354003540AC /* Assets.xcassets in Resources */ = {isa = PBXBuildFile; fileRef = B570984E291B8354003540AC /* Assets.xcassets */; };
		B5709852291B8354003540AC /* Preview Assets.xcassets in Resources */ = {isa = PBXBuildFile; fileRef = B5709851291B8354003540AC /* Preview Assets.xcassets */; };
		B592F4C8294DC9AD007F21AD /* MediaCompression.xcdatamodeld in Sources */ = {isa = PBXBuildFile; fileRef = B592F4C6294DC9AD007F21AD /* MediaCompression.xcdatamodeld */; };
		B592F4CA294DC9DD007F21AD /* Persistence.swift in Sources */ = {isa = PBXBuildFile; fileRef = B592F4C9294DC9DD007F21AD /* Persistence.swift */; };
		B5AB1F20291CFAD600113F62 /* ImagePickerView.swift in Sources */ = {isa = PBXBuildFile; fileRef = B5AB1F1F291CFAD600113F62 /* ImagePickerView.swift */; };
		B5B8CDC8292F3F4F00073643 /* ShareViewController.swift in Sources */ = {isa = PBXBuildFile; fileRef = B5B8CDC7292F3F4F00073643 /* ShareViewController.swift */; };
		B5B8CDCB292F3F4F00073643 /* MainInterface.storyboard in Resources */ = {isa = PBXBuildFile; fileRef = B5B8CDC9292F3F4F00073643 /* MainInterface.storyboard */; };
		B5B8CDCF292F3F4F00073643 /* ShareExtension.appex in Embed Foundation Extensions */ = {isa = PBXBuildFile; fileRef = B5B8CDC5292F3F4F00073643 /* ShareExtension.appex */; settings = {ATTRIBUTES = (RemoveHeadersOnCopy, ); }; };
		B5C7E253293EEDED00F9FFF1 /* Utils.swift in Sources */ = {isa = PBXBuildFile; fileRef = B5C7E252293EEDED00F9FFF1 /* Utils.swift */; };
		B5D7E4BD29222D8100138B10 /* Localizable.strings in Resources */ = {isa = PBXBuildFile; fileRef = B5D7E4BF29222D8100138B10 /* Localizable.strings */; };
		B5D7E4C329222FB800138B10 /* InfoPlist.strings in Resources */ = {isa = PBXBuildFile; fileRef = B5D7E4C529222FB800138B10 /* InfoPlist.strings */; };
		B5E0F12E291E52E000F7E74D /* PHImagePickerView.swift in Sources */ = {isa = PBXBuildFile; fileRef = B5E0F12D291E52E000F7E74D /* PHImagePickerView.swift */; };
/* End PBXBuildFile section */

/* Begin PBXContainerItemProxy section */
		B5B8CDCD292F3F4F00073643 /* PBXContainerItemProxy */ = {
			isa = PBXContainerItemProxy;
			containerPortal = B570983F291B8353003540AC /* Project object */;
			proxyType = 1;
			remoteGlobalIDString = B5B8CDC4292F3F4F00073643;
			remoteInfo = ShareExtension;
		};
/* End PBXContainerItemProxy section */

/* Begin PBXCopyFilesBuildPhase section */
		B5B8CDD3292F3F4F00073643 /* Embed Foundation Extensions */ = {
			isa = PBXCopyFilesBuildPhase;
			buildActionMask = 2147483647;
			dstPath = "";
			dstSubfolderSpec = 13;
			files = (
				B5B8CDCF292F3F4F00073643 /* ShareExtension.appex in Embed Foundation Extensions */,
			);
			name = "Embed Foundation Extensions";
			runOnlyForDeploymentPostprocessing = 0;
		};
/* End PBXCopyFilesBuildPhase section */

/* Begin PBXFileReference section */
		B50702BF292B0DCF003A5057 /* SettingView.swift */ = {isa = PBXFileReference; lastKnownFileType = sourcecode.swift; path = SettingView.swift; sourceTree = "<group>"; };
		B5339870292E0E3E00144FA9 /* ActivityViewController.swift */ = {isa = PBXFileReference; lastKnownFileType = sourcecode.swift; path = ActivityViewController.swift; sourceTree = "<group>"; };
		B548E97B2924D94F00A6D22A /* DocumentPickerView.swift */ = {isa = PBXFileReference; lastKnownFileType = sourcecode.swift; path = DocumentPickerView.swift; sourceTree = "<group>"; };
		B54D5D9B292CC487000BE149 /* zh-Hant */ = {isa = PBXFileReference; lastKnownFileType = text.plist.strings; name = "zh-Hant"; path = "zh-Hant.lproj/Localizable.strings"; sourceTree = "<group>"; };
		B54D5D9C292CC487000BE149 /* zh-Hant */ = {isa = PBXFileReference; lastKnownFileType = text.plist.strings; name = "zh-Hant"; path = "zh-Hant.lproj/InfoPlist.strings"; sourceTree = "<group>"; };
		B54D5D9D292CC605000BE149 /* ja */ = {isa = PBXFileReference; lastKnownFileType = text.plist.strings; name = ja; path = ja.lproj/Localizable.strings; sourceTree = "<group>"; };
		B54D5D9E292CC605000BE149 /* ja */ = {isa = PBXFileReference; lastKnownFileType = text.plist.strings; name = ja; path = ja.lproj/InfoPlist.strings; sourceTree = "<group>"; };
		B56BCA72294DDCA400B06B7E /* Settings.swift */ = {isa = PBXFileReference; lastKnownFileType = sourcecode.swift; path = Settings.swift; sourceTree = "<group>"; };
		B5709847291B8353003540AC /* MediaCompression.app */ = {isa = PBXFileReference; explicitFileType = wrapper.application; includeInIndex = 0; path = MediaCompression.app; sourceTree = BUILT_PRODUCTS_DIR; };
		B570984A291B8353003540AC /* MediaCompressionApp.swift */ = {isa = PBXFileReference; lastKnownFileType = sourcecode.swift; path = MediaCompressionApp.swift; sourceTree = "<group>"; };
		B570984C291B8353003540AC /* ContentView.swift */ = {isa = PBXFileReference; lastKnownFileType = sourcecode.swift; path = ContentView.swift; sourceTree = "<group>"; };
		B570984E291B8354003540AC /* Assets.xcassets */ = {isa = PBXFileReference; lastKnownFileType = folder.assetcatalog; path = Assets.xcassets; sourceTree = "<group>"; };
		B5709851291B8354003540AC /* Preview Assets.xcassets */ = {isa = PBXFileReference; lastKnownFileType = folder.assetcatalog; path = "Preview Assets.xcassets"; sourceTree = "<group>"; };
		B5764960291FACA800C7F0D5 /* Info.plist */ = {isa = PBXFileReference; lastKnownFileType = text.plist; path = Info.plist; sourceTree = "<group>"; };
		B592F4C7294DC9AD007F21AD /* MediaCompression.xcdatamodel */ = {isa = PBXFileReference; lastKnownFileType = wrapper.xcdatamodel; path = MediaCompression.xcdatamodel; sourceTree = "<group>"; };
		B592F4C9294DC9DD007F21AD /* Persistence.swift */ = {isa = PBXFileReference; lastKnownFileType = sourcecode.swift; path = Persistence.swift; sourceTree = "<group>"; };
		B5AB1F1F291CFAD600113F62 /* ImagePickerView.swift */ = {isa = PBXFileReference; lastKnownFileType = sourcecode.swift; path = ImagePickerView.swift; sourceTree = "<group>"; };
		B5B8CDC5292F3F4F00073643 /* ShareExtension.appex */ = {isa = PBXFileReference; explicitFileType = "wrapper.app-extension"; includeInIndex = 0; path = ShareExtension.appex; sourceTree = BUILT_PRODUCTS_DIR; };
		B5B8CDC7292F3F4F00073643 /* ShareViewController.swift */ = {isa = PBXFileReference; lastKnownFileType = sourcecode.swift; path = ShareViewController.swift; sourceTree = "<group>"; };
		B5B8CDCA292F3F4F00073643 /* Base */ = {isa = PBXFileReference; lastKnownFileType = file.storyboard; name = Base; path = Base.lproj/MainInterface.storyboard; sourceTree = "<group>"; };
		B5B8CDCC292F3F4F00073643 /* Info.plist */ = {isa = PBXFileReference; lastKnownFileType = text.plist.xml; path = Info.plist; sourceTree = "<group>"; };
		B5C7E252293EEDED00F9FFF1 /* Utils.swift */ = {isa = PBXFileReference; lastKnownFileType = sourcecode.swift; path = Utils.swift; sourceTree = "<group>"; };
		B5D7E4BE29222D8100138B10 /* en */ = {isa = PBXFileReference; lastKnownFileType = text.plist.strings; name = en; path = en.lproj/Localizable.strings; sourceTree = "<group>"; };
		B5D7E4C029222D8800138B10 /* zh-Hans */ = {isa = PBXFileReference; lastKnownFileType = text.plist.strings; name = "zh-Hans"; path = "zh-Hans.lproj/Localizable.strings"; sourceTree = "<group>"; };
		B5D7E4C429222FB800138B10 /* en */ = {isa = PBXFileReference; lastKnownFileType = text.plist.strings; name = en; path = en.lproj/InfoPlist.strings; sourceTree = "<group>"; };
		B5D7E4C629222FBC00138B10 /* zh-Hans */ = {isa = PBXFileReference; lastKnownFileType = text.plist.strings; name = "zh-Hans"; path = "zh-Hans.lproj/InfoPlist.strings"; sourceTree = "<group>"; };
		B5E0F12D291E52E000F7E74D /* PHImagePickerView.swift */ = {isa = PBXFileReference; lastKnownFileType = sourcecode.swift; path = PHImagePickerView.swift; sourceTree = "<group>"; };
/* End PBXFileReference section */

/* Begin PBXFrameworksBuildPhase section */
		B5709844291B8353003540AC /* Frameworks */ = {
			isa = PBXFrameworksBuildPhase;
			buildActionMask = 2147483647;
			files = (
			);
			runOnlyForDeploymentPostprocessing = 0;
		};
		B5B8CDC2292F3F4F00073643 /* Frameworks */ = {
			isa = PBXFrameworksBuildPhase;
			buildActionMask = 2147483647;
			files = (
			);
			runOnlyForDeploymentPostprocessing = 0;
		};
/* End PBXFrameworksBuildPhase section */

/* Begin PBXGroup section */
		B56BCA71294DDC8C00B06B7E /* Models */ = {
			isa = PBXGroup;
			children = (
				B56BCA72294DDCA400B06B7E /* Settings.swift */,
			);
			path = Models;
			sourceTree = "<group>";
		};
		B570983E291B8353003540AC = {
			isa = PBXGroup;
			children = (
				B5709849291B8353003540AC /* MediaCompression */,
				B5B8CDC6292F3F4F00073643 /* ShareExtension */,
				B5709848291B8353003540AC /* Products */,
			);
			sourceTree = "<group>";
		};
		B5709848291B8353003540AC /* Products */ = {
			isa = PBXGroup;
			children = (
				B5709847291B8353003540AC /* MediaCompression.app */,
				B5B8CDC5292F3F4F00073643 /* ShareExtension.appex */,
			);
			name = Products;
			sourceTree = "<group>";
		};
		B5709849291B8353003540AC /* MediaCompression */ = {
			isa = PBXGroup;
			children = (
				B56BCA71294DDC8C00B06B7E /* Models */,
				B570984A291B8353003540AC /* MediaCompressionApp.swift */,
				B570984C291B8353003540AC /* ContentView.swift */,
				B5AB1F1F291CFAD600113F62 /* ImagePickerView.swift */,
				B5E0F12D291E52E000F7E74D /* PHImagePickerView.swift */,
				B548E97B2924D94F00A6D22A /* DocumentPickerView.swift */,
				B50702BF292B0DCF003A5057 /* SettingView.swift */,
				B5339870292E0E3E00144FA9 /* ActivityViewController.swift */,
				B5C7E252293EEDED00F9FFF1 /* Utils.swift */,
				B592F4C9294DC9DD007F21AD /* Persistence.swift */,
				B5764960291FACA800C7F0D5 /* Info.plist */,
				B592F4C6294DC9AD007F21AD /* MediaCompression.xcdatamodeld */,
				B570984E291B8354003540AC /* Assets.xcassets */,
				B5D7E4BF29222D8100138B10 /* Localizable.strings */,
				B5D7E4C529222FB800138B10 /* InfoPlist.strings */,
				B5709850291B8354003540AC /* Preview Content */,
			);
			path = MediaCompression;
			sourceTree = "<group>";
		};
		B5709850291B8354003540AC /* Preview Content */ = {
			isa = PBXGroup;
			children = (
				B5709851291B8354003540AC /* Preview Assets.xcassets */,
			);
			path = "Preview Content";
			sourceTree = "<group>";
		};
		B5B8CDC6292F3F4F00073643 /* ShareExtension */ = {
			isa = PBXGroup;
			children = (
				B5B8CDC7292F3F4F00073643 /* ShareViewController.swift */,
				B5B8CDC9292F3F4F00073643 /* MainInterface.storyboard */,
				B5B8CDCC292F3F4F00073643 /* Info.plist */,
			);
			path = ShareExtension;
			sourceTree = "<group>";
		};
/* End PBXGroup section */

/* Begin PBXNativeTarget section */
		B5709846291B8353003540AC /* MediaCompression */ = {
			isa = PBXNativeTarget;
			buildConfigurationList = B5709855291B8354003540AC /* Build configuration list for PBXNativeTarget "MediaCompression" */;
			buildPhases = (
				B5709843291B8353003540AC /* Sources */,
				B5709844291B8353003540AC /* Frameworks */,
				B5709845291B8353003540AC /* Resources */,
				B5B8CDD3292F3F4F00073643 /* Embed Foundation Extensions */,
			);
			buildRules = (
			);
			dependencies = (
				B5B8CDCE292F3F4F00073643 /* PBXTargetDependency */,
			);
			name = MediaCompression;
			packageProductDependencies = (
			);
			productName = VideoCompressor;
			productReference = B5709847291B8353003540AC /* MediaCompression.app */;
			productType = "com.apple.product-type.application";
		};
		B5B8CDC4292F3F4F00073643 /* ShareExtension */ = {
			isa = PBXNativeTarget;
			buildConfigurationList = B5B8CDD0292F3F4F00073643 /* Build configuration list for PBXNativeTarget "ShareExtension" */;
			buildPhases = (
				B5B8CDC1292F3F4F00073643 /* Sources */,
				B5B8CDC2292F3F4F00073643 /* Frameworks */,
				B5B8CDC3292F3F4F00073643 /* Resources */,
			);
			buildRules = (
			);
			dependencies = (
			);
			name = ShareExtension;
			productName = ShareExtension;
			productReference = B5B8CDC5292F3F4F00073643 /* ShareExtension.appex */;
			productType = "com.apple.product-type.app-extension";
		};
/* End PBXNativeTarget section */

/* Begin PBXProject section */
		B570983F291B8353003540AC /* Project object */ = {
			isa = PBXProject;
			attributes = {
				BuildIndependentTargetsInParallel = 1;
				LastSwiftUpdateCheck = 1410;
				LastUpgradeCheck = 1410;
				TargetAttributes = {
					B5709846291B8353003540AC = {
						CreatedOnToolsVersion = 14.1;
					};
					B5B8CDC4292F3F4F00073643 = {
						CreatedOnToolsVersion = 14.1;
					};
				};
			};
			buildConfigurationList = B5709842291B8353003540AC /* Build configuration list for PBXProject "MediaCompression" */;
			compatibilityVersion = "Xcode 14.0";
			developmentRegion = en;
			hasScannedForEncodings = 0;
			knownRegions = (
				en,
				Base,
				"zh-Hans",
				"zh-Hant",
				ja,
			);
			mainGroup = B570983E291B8353003540AC;
			packageReferences = (
			);
			productRefGroup = B5709848291B8353003540AC /* Products */;
			projectDirPath = "";
			projectRoot = "";
			targets = (
				B5709846291B8353003540AC /* MediaCompression */,
				B5B8CDC4292F3F4F00073643 /* ShareExtension */,
			);
		};
/* End PBXProject section */

/* Begin PBXResourcesBuildPhase section */
		B5709845291B8353003540AC /* Resources */ = {
			isa = PBXResourcesBuildPhase;
			buildActionMask = 2147483647;
			files = (
				B5709852291B8354003540AC /* Preview Assets.xcassets in Resources */,
				B5D7E4C329222FB800138B10 /* InfoPlist.strings in Resources */,
				B5D7E4BD29222D8100138B10 /* Localizable.strings in Resources */,
				B570984F291B8354003540AC /* Assets.xcassets in Resources */,
			);
			runOnlyForDeploymentPostprocessing = 0;
		};
		B5B8CDC3292F3F4F00073643 /* Resources */ = {
			isa = PBXResourcesBuildPhase;
			buildActionMask = 2147483647;
			files = (
				B5B8CDCB292F3F4F00073643 /* MainInterface.storyboard in Resources */,
			);
			runOnlyForDeploymentPostprocessing = 0;
		};
/* End PBXResourcesBuildPhase section */

/* Begin PBXSourcesBuildPhase section */
		B5709843291B8353003540AC /* Sources */ = {
			isa = PBXSourcesBuildPhase;
			buildActionMask = 2147483647;
			files = (
				B548E97C2924D94F00A6D22A /* DocumentPickerView.swift in Sources */,
				B570984D291B8353003540AC /* ContentView.swift in Sources */,
				B592F4C8294DC9AD007F21AD /* MediaCompression.xcdatamodeld in Sources */,
				B5AB1F20291CFAD600113F62 /* ImagePickerView.swift in Sources */,
				B50702C0292B0DCF003A5057 /* SettingView.swift in Sources */,
				B5339871292E0E3E00144FA9 /* ActivityViewController.swift in Sources */,
				B5E0F12E291E52E000F7E74D /* PHImagePickerView.swift in Sources */,
				B570984B291B8353003540AC /* MediaCompressionApp.swift in Sources */,
				B5C7E253293EEDED00F9FFF1 /* Utils.swift in Sources */,
				B56BCA73294DDCA400B06B7E /* Settings.swift in Sources */,
				B592F4CA294DC9DD007F21AD /* Persistence.swift in Sources */,
			);
			runOnlyForDeploymentPostprocessing = 0;
		};
		B5B8CDC1292F3F4F00073643 /* Sources */ = {
			isa = PBXSourcesBuildPhase;
			buildActionMask = 2147483647;
			files = (
				B5B8CDC8292F3F4F00073643 /* ShareViewController.swift in Sources */,
			);
			runOnlyForDeploymentPostprocessing = 0;
		};
/* End PBXSourcesBuildPhase section */

/* Begin PBXTargetDependency section */
		B5B8CDCE292F3F4F00073643 /* PBXTargetDependency */ = {
			isa = PBXTargetDependency;
			target = B5B8CDC4292F3F4F00073643 /* ShareExtension */;
			targetProxy = B5B8CDCD292F3F4F00073643 /* PBXContainerItemProxy */;
		};
/* End PBXTargetDependency section */

/* Begin PBXVariantGroup section */
		B5B8CDC9292F3F4F00073643 /* MainInterface.storyboard */ = {
			isa = PBXVariantGroup;
			children = (
				B5B8CDCA292F3F4F00073643 /* Base */,
			);
			name = MainInterface.storyboard;
			sourceTree = "<group>";
		};
		B5D7E4BF29222D8100138B10 /* Localizable.strings */ = {
			isa = PBXVariantGroup;
			children = (
				B5D7E4BE29222D8100138B10 /* en */,
				B5D7E4C029222D8800138B10 /* zh-Hans */,
				B54D5D9B292CC487000BE149 /* zh-Hant */,
				B54D5D9D292CC605000BE149 /* ja */,
			);
			name = Localizable.strings;
			sourceTree = "<group>";
		};
		B5D7E4C529222FB800138B10 /* InfoPlist.strings */ = {
			isa = PBXVariantGroup;
			children = (
				B5D7E4C429222FB800138B10 /* en */,
				B5D7E4C629222FBC00138B10 /* zh-Hans */,
				B54D5D9C292CC487000BE149 /* zh-Hant */,
				B54D5D9E292CC605000BE149 /* ja */,
			);
			name = InfoPlist.strings;
			sourceTree = "<group>";
		};
/* End PBXVariantGroup section */

/* Begin XCBuildConfiguration section */
		B5709853291B8354003540AC /* Debug */ = {
			isa = XCBuildConfiguration;
			buildSettings = {
				ALWAYS_SEARCH_USER_PATHS = NO;
				CLANG_ANALYZER_NONNULL = YES;
				CLANG_ANALYZER_NUMBER_OBJECT_CONVERSION = YES_AGGRESSIVE;
				CLANG_CXX_LANGUAGE_STANDARD = "gnu++20";
				CLANG_ENABLE_MODULES = YES;
				CLANG_ENABLE_OBJC_ARC = YES;
				CLANG_ENABLE_OBJC_WEAK = YES;
				CLANG_WARN_BLOCK_CAPTURE_AUTORELEASING = YES;
				CLANG_WARN_BOOL_CONVERSION = YES;
				CLANG_WARN_COMMA = YES;
				CLANG_WARN_CONSTANT_CONVERSION = YES;
				CLANG_WARN_DEPRECATED_OBJC_IMPLEMENTATIONS = YES;
				CLANG_WARN_DIRECT_OBJC_ISA_USAGE = YES_ERROR;
				CLANG_WARN_DOCUMENTATION_COMMENTS = YES;
				CLANG_WARN_EMPTY_BODY = YES;
				CLANG_WARN_ENUM_CONVERSION = YES;
				CLANG_WARN_INFINITE_RECURSION = YES;
				CLANG_WARN_INT_CONVERSION = YES;
				CLANG_WARN_NON_LITERAL_NULL_CONVERSION = YES;
				CLANG_WARN_OBJC_IMPLICIT_RETAIN_SELF = YES;
				CLANG_WARN_OBJC_LITERAL_CONVERSION = YES;
				CLANG_WARN_OBJC_ROOT_CLASS = YES_ERROR;
				CLANG_WARN_QUOTED_INCLUDE_IN_FRAMEWORK_HEADER = YES;
				CLANG_WARN_RANGE_LOOP_ANALYSIS = YES;
				CLANG_WARN_STRICT_PROTOTYPES = YES;
				CLANG_WARN_SUSPICIOUS_MOVE = YES;
				CLANG_WARN_UNGUARDED_AVAILABILITY = YES_AGGRESSIVE;
				CLANG_WARN_UNREACHABLE_CODE = YES;
				CLANG_WARN__DUPLICATE_METHOD_MATCH = YES;
				COPY_PHASE_STRIP = NO;
				DEBUG_INFORMATION_FORMAT = dwarf;
				ENABLE_STRICT_OBJC_MSGSEND = YES;
				ENABLE_TESTABILITY = YES;
				GCC_C_LANGUAGE_STANDARD = gnu11;
				GCC_DYNAMIC_NO_PIC = NO;
				GCC_NO_COMMON_BLOCKS = YES;
				GCC_OPTIMIZATION_LEVEL = 0;
				GCC_PREPROCESSOR_DEFINITIONS = (
					"DEBUG=1",
					"$(inherited)",
				);
				GCC_WARN_64_TO_32_BIT_CONVERSION = YES;
				GCC_WARN_ABOUT_RETURN_TYPE = YES_ERROR;
				GCC_WARN_UNDECLARED_SELECTOR = YES;
				GCC_WARN_UNINITIALIZED_AUTOS = YES_AGGRESSIVE;
				GCC_WARN_UNUSED_FUNCTION = YES;
				GCC_WARN_UNUSED_VARIABLE = YES;
				IPHONEOS_DEPLOYMENT_TARGET = 16.1;
				MTL_ENABLE_DEBUG_INFO = INCLUDE_SOURCE;
				MTL_FAST_MATH = YES;
				ONLY_ACTIVE_ARCH = YES;
				PRODUCT_BUNDLE_IDENTIFIER = "";
				SDKROOT = iphoneos;
				SWIFT_ACTIVE_COMPILATION_CONDITIONS = DEBUG;
				SWIFT_OPTIMIZATION_LEVEL = "-Onone";
			};
			name = Debug;
		};
		B5709854291B8354003540AC /* Release */ = {
			isa = XCBuildConfiguration;
			buildSettings = {
				ALWAYS_SEARCH_USER_PATHS = NO;
				CLANG_ANALYZER_NONNULL = YES;
				CLANG_ANALYZER_NUMBER_OBJECT_CONVERSION = YES_AGGRESSIVE;
				CLANG_CXX_LANGUAGE_STANDARD = "gnu++20";
				CLANG_ENABLE_MODULES = YES;
				CLANG_ENABLE_OBJC_ARC = YES;
				CLANG_ENABLE_OBJC_WEAK = YES;
				CLANG_WARN_BLOCK_CAPTURE_AUTORELEASING = YES;
				CLANG_WARN_BOOL_CONVERSION = YES;
				CLANG_WARN_COMMA = YES;
				CLANG_WARN_CONSTANT_CONVERSION = YES;
				CLANG_WARN_DEPRECATED_OBJC_IMPLEMENTATIONS = YES;
				CLANG_WARN_DIRECT_OBJC_ISA_USAGE = YES_ERROR;
				CLANG_WARN_DOCUMENTATION_COMMENTS = YES;
				CLANG_WARN_EMPTY_BODY = YES;
				CLANG_WARN_ENUM_CONVERSION = YES;
				CLANG_WARN_INFINITE_RECURSION = YES;
				CLANG_WARN_INT_CONVERSION = YES;
				CLANG_WARN_NON_LITERAL_NULL_CONVERSION = YES;
				CLANG_WARN_OBJC_IMPLICIT_RETAIN_SELF = YES;
				CLANG_WARN_OBJC_LITERAL_CONVERSION = YES;
				CLANG_WARN_OBJC_ROOT_CLASS = YES_ERROR;
				CLANG_WARN_QUOTED_INCLUDE_IN_FRAMEWORK_HEADER = YES;
				CLANG_WARN_RANGE_LOOP_ANALYSIS = YES;
				CLANG_WARN_STRICT_PROTOTYPES = YES;
				CLANG_WARN_SUSPICIOUS_MOVE = YES;
				CLANG_WARN_UNGUARDED_AVAILABILITY = YES_AGGRESSIVE;
				CLANG_WARN_UNREACHABLE_CODE = YES;
				CLANG_WARN__DUPLICATE_METHOD_MATCH = YES;
				COPY_PHASE_STRIP = NO;
				DEBUG_INFORMATION_FORMAT = "dwarf-with-dsym";
				ENABLE_NS_ASSERTIONS = NO;
				ENABLE_STRICT_OBJC_MSGSEND = YES;
				GCC_C_LANGUAGE_STANDARD = gnu11;
				GCC_NO_COMMON_BLOCKS = YES;
				GCC_WARN_64_TO_32_BIT_CONVERSION = YES;
				GCC_WARN_ABOUT_RETURN_TYPE = YES_ERROR;
				GCC_WARN_UNDECLARED_SELECTOR = YES;
				GCC_WARN_UNINITIALIZED_AUTOS = YES_AGGRESSIVE;
				GCC_WARN_UNUSED_FUNCTION = YES;
				GCC_WARN_UNUSED_VARIABLE = YES;
				IPHONEOS_DEPLOYMENT_TARGET = 16.1;
				MTL_ENABLE_DEBUG_INFO = NO;
				MTL_FAST_MATH = YES;
				PRODUCT_BUNDLE_IDENTIFIER = "";
				SDKROOT = iphoneos;
				SWIFT_COMPILATION_MODE = wholemodule;
				SWIFT_OPTIMIZATION_LEVEL = "-O";
				VALIDATE_PRODUCT = YES;
			};
			name = Release;
		};
		B5709856291B8354003540AC /* Debug */ = {
			isa = XCBuildConfiguration;
			buildSettings = {
				ALWAYS_EMBED_SWIFT_STANDARD_LIBRARIES = YES;
				ASSETCATALOG_COMPILER_APPICON_NAME = AppIcon;
				ASSETCATALOG_COMPILER_GLOBAL_ACCENT_COLOR_NAME = AccentColor;
				CODE_SIGN_STYLE = Automatic;
				CURRENT_PROJECT_VERSION = 1;
				DEVELOPMENT_ASSET_PATHS = "\"MediaCompression/Preview Content\"";
				DEVELOPMENT_TEAM = 3NQPG2DCKD;
				ENABLE_PREVIEWS = YES;
				GENERATE_INFOPLIST_FILE = YES;
				INFOPLIST_FILE = MediaCompression/Info.plist;
				INFOPLIST_KEY_UIApplicationSceneManifest_Generation = YES;
				INFOPLIST_KEY_UIApplicationSupportsIndirectInputEvents = YES;
				INFOPLIST_KEY_UILaunchScreen_Generation = YES;
				INFOPLIST_KEY_UISupportedInterfaceOrientations_iPad = "UIInterfaceOrientationPortrait UIInterfaceOrientationPortraitUpsideDown UIInterfaceOrientationLandscapeLeft UIInterfaceOrientationLandscapeRight";
				INFOPLIST_KEY_UISupportedInterfaceOrientations_iPhone = "UIInterfaceOrientationPortrait UIInterfaceOrientationLandscapeLeft UIInterfaceOrientationLandscapeRight";
				LD_RUNPATH_SEARCH_PATHS = (
					"$(inherited)",
					"@executable_path/Frameworks",
				);
				MARKETING_VERSION = 1.0.0;
				PRODUCT_BUNDLE_IDENTIFIER = ybwdaisy.MediaCompression;
				PRODUCT_NAME = "$(TARGET_NAME)";
				SWIFT_EMIT_LOC_STRINGS = YES;
				SWIFT_VERSION = 5.0;
				TARGETED_DEVICE_FAMILY = "1,2";
			};
			name = Debug;
		};
		B5709857291B8354003540AC /* Release */ = {
			isa = XCBuildConfiguration;
			buildSettings = {
				ALWAYS_EMBED_SWIFT_STANDARD_LIBRARIES = YES;
				ASSETCATALOG_COMPILER_APPICON_NAME = AppIcon;
				ASSETCATALOG_COMPILER_GLOBAL_ACCENT_COLOR_NAME = AccentColor;
				CODE_SIGN_STYLE = Automatic;
				CURRENT_PROJECT_VERSION = 1;
				DEVELOPMENT_ASSET_PATHS = "\"MediaCompression/Preview Content\"";
				DEVELOPMENT_TEAM = 3NQPG2DCKD;
				ENABLE_PREVIEWS = YES;
				GENERATE_INFOPLIST_FILE = YES;
				INFOPLIST_FILE = MediaCompression/Info.plist;
				INFOPLIST_KEY_UIApplicationSceneManifest_Generation = YES;
				INFOPLIST_KEY_UIApplicationSupportsIndirectInputEvents = YES;
				INFOPLIST_KEY_UILaunchScreen_Generation = YES;
				INFOPLIST_KEY_UISupportedInterfaceOrientations_iPad = "UIInterfaceOrientationPortrait UIInterfaceOrientationPortraitUpsideDown UIInterfaceOrientationLandscapeLeft UIInterfaceOrientationLandscapeRight";
				INFOPLIST_KEY_UISupportedInterfaceOrientations_iPhone = "UIInterfaceOrientationPortrait UIInterfaceOrientationLandscapeLeft UIInterfaceOrientationLandscapeRight";
				LD_RUNPATH_SEARCH_PATHS = (
					"$(inherited)",
					"@executable_path/Frameworks",
				);
				MARKETING_VERSION = 1.0.0;
				PRODUCT_BUNDLE_IDENTIFIER = ybwdaisy.MediaCompression;
				PRODUCT_NAME = "$(TARGET_NAME)";
				SWIFT_EMIT_LOC_STRINGS = YES;
				SWIFT_VERSION = 5.0;
				TARGETED_DEVICE_FAMILY = "1,2";
			};
			name = Release;
		};
		B5B8CDD1292F3F4F00073643 /* Debug */ = {
			isa = XCBuildConfiguration;
			buildSettings = {
				CODE_SIGN_STYLE = Automatic;
				CURRENT_PROJECT_VERSION = 1;
				DEVELOPMENT_TEAM = 3NQPG2DCKD;
				GENERATE_INFOPLIST_FILE = YES;
				INFOPLIST_FILE = ShareExtension/Info.plist;
				INFOPLIST_KEY_CFBundleDisplayName = ShareExtension;
				INFOPLIST_KEY_NSHumanReadableCopyright = "";
				LD_RUNPATH_SEARCH_PATHS = (
					"$(inherited)",
					"@executable_path/Frameworks",
					"@executable_path/../../Frameworks",
				);
				MARKETING_VERSION = 1.0;
				PRODUCT_BUNDLE_IDENTIFIER = ybwdaisy.MediaCompression.ShareExtension;
				PRODUCT_NAME = "$(TARGET_NAME)";
				SKIP_INSTALL = YES;
				SWIFT_EMIT_LOC_STRINGS = YES;
				SWIFT_VERSION = 5.0;
				TARGETED_DEVICE_FAMILY = "1,2";
			};
			name = Debug;
		};
		B5B8CDD2292F3F4F00073643 /* Release */ = {
			isa = XCBuildConfiguration;
			buildSettings = {
				CODE_SIGN_STYLE = Automatic;
				CURRENT_PROJECT_VERSION = 1;
				DEVELOPMENT_TEAM = 3NQPG2DCKD;
				GENERATE_INFOPLIST_FILE = YES;
				INFOPLIST_FILE = ShareExtension/Info.plist;
				INFOPLIST_KEY_CFBundleDisplayName = ShareExtension;
				INFOPLIST_KEY_NSHumanReadableCopyright = "";
				LD_RUNPATH_SEARCH_PATHS = (
					"$(inherited)",
					"@executable_path/Frameworks",
					"@executable_path/../../Frameworks",
				);
				MARKETING_VERSION = 1.0;
				PRODUCT_BUNDLE_IDENTIFIER = ybwdaisy.MediaCompression.ShareExtension;
				PRODUCT_NAME = "$(TARGET_NAME)";
				SKIP_INSTALL = YES;
				SWIFT_EMIT_LOC_STRINGS = YES;
				SWIFT_VERSION = 5.0;
				TARGETED_DEVICE_FAMILY = "1,2";
			};
			name = Release;
		};
/* End XCBuildConfiguration section */

/* Begin XCConfigurationList section */
		B5709842291B8353003540AC /* Build configuration list for PBXProject "MediaCompression" */ = {
			isa = XCConfigurationList;
			buildConfigurations = (
				B5709853291B8354003540AC /* Debug */,
				B5709854291B8354003540AC /* Release */,
			);
			defaultConfigurationIsVisible = 0;
			defaultConfigurationName = Release;
		};
		B5709855291B8354003540AC /* Build configuration list for PBXNativeTarget "MediaCompression" */ = {
			isa = XCConfigurationList;
			buildConfigurations = (
				B5709856291B8354003540AC /* Debug */,
				B5709857291B8354003540AC /* Release */,
			);
			defaultConfigurationIsVisible = 0;
			defaultConfigurationName = Release;
		};
		B5B8CDD0292F3F4F00073643 /* Build configuration list for PBXNativeTarget "ShareExtension" */ = {
			isa = XCConfigurationList;
			buildConfigurations = (
				B5B8CDD1292F3F4F00073643 /* Debug */,
				B5B8CDD2292F3F4F00073643 /* Release */,
			);
			defaultConfigurationIsVisible = 0;
			defaultConfigurationName = Release;
		};
/* End XCConfigurationList section */

/* Begin XCVersionGroup section */
		B592F4C6294DC9AD007F21AD /* MediaCompression.xcdatamodeld */ = {
			isa = XCVersionGroup;
			children = (
				B592F4C7294DC9AD007F21AD /* MediaCompression.xcdatamodel */,
			);
			currentVersion = B592F4C7294DC9AD007F21AD /* MediaCompression.xcdatamodel */;
			path = MediaCompression.xcdatamodeld;
			sourceTree = "<group>";
			versionGroupType = wrapper.xcdatamodel;
		};
/* End XCVersionGroup section */
	};
	rootObject = B570983F291B8353003540AC /* Project object */;
}
